// !$*UTF8*$!
{
	archiveVersion = 1;
	classes = {
	};
	objectVersion = 50;
	objects = {

/* Begin PBXBuildFile section */
		34CDDFF124692BC30089AC15 /* AppDelegate.swift in Sources */ = {isa = PBXBuildFile; fileRef = 34CDDFF024692BC30089AC15 /* AppDelegate.swift */; };
		34CDDFF324692BC30089AC15 /* SceneDelegate.swift in Sources */ = {isa = PBXBuildFile; fileRef = 34CDDFF224692BC30089AC15 /* SceneDelegate.swift */; };
		34CDDFF524692BC30089AC15 /* ViewController.swift in Sources */ = {isa = PBXBuildFile; fileRef = 34CDDFF424692BC30089AC15 /* ViewController.swift */; };
		34CDDFF824692BC30089AC15 /* Main.storyboard in Resources */ = {isa = PBXBuildFile; fileRef = 34CDDFF624692BC30089AC15 /* Main.storyboard */; };
		34CDDFFA24692BC60089AC15 /* Assets.xcassets in Resources */ = {isa = PBXBuildFile; fileRef = 34CDDFF924692BC60089AC15 /* Assets.xcassets */; };
		34CDDFFD24692BC60089AC15 /* LaunchScreen.storyboard in Resources */ = {isa = PBXBuildFile; fileRef = 34CDDFFB24692BC60089AC15 /* LaunchScreen.storyboard */; };
		34CDE00824692BC70089AC15 /* PhotoMasterTests.swift in Sources */ = {isa = PBXBuildFile; fileRef = 34CDE00724692BC70089AC15 /* PhotoMasterTests.swift */; };
		34CDE01324692BC70089AC15 /* PhotoMasterUITests.swift in Sources */ = {isa = PBXBuildFile; fileRef = 34CDE01224692BC70089AC15 /* PhotoMasterUITests.swift */; };
/* End PBXBuildFile section */

/* Begin PBXContainerItemProxy section */
		34CDE00424692BC70089AC15 /* PBXContainerItemProxy */ = {
			isa = PBXContainerItemProxy;
			containerPortal = 34CDDFE524692BC30089AC15 /* Project object */;
			proxyType = 1;
			remoteGlobalIDString = 34CDDFEC24692BC30089AC15;
			remoteInfo = PhotoMaster;
		};
		34CDE00F24692BC70089AC15 /* PBXContainerItemProxy */ = {
			isa = PBXContainerItemProxy;
			containerPortal = 34CDDFE524692BC30089AC15 /* Project object */;
			proxyType = 1;
			remoteGlobalIDString = 34CDDFEC24692BC30089AC15;
			remoteInfo = PhotoMaster;
		};
/* End PBXContainerItemProxy section */

/* Begin PBXFileReference section */
		34CDDFED24692BC30089AC15 /* PhotoMaster.app */ = {isa = PBXFileReference; explicitFileType = wrapper.application; includeInIndex = 0; path = PhotoMaster.app; sourceTree = BUILT_PRODUCTS_DIR; };
		34CDDFF024692BC30089AC15 /* AppDelegate.swift */ = {isa = PBXFileReference; lastKnownFileType = sourcecode.swift; path = AppDelegate.swift; sourceTree = "<group>"; };
		34CDDFF224692BC30089AC15 /* SceneDelegate.swift */ = {isa = PBXFileReference; lastKnownFileType = sourcecode.swift; path = SceneDelegate.swift; sourceTree = "<group>"; };
		34CDDFF424692BC30089AC15 /* ViewController.swift */ = {isa = PBXFileReference; lastKnownFileType = sourcecode.swift; path = ViewController.swift; sourceTree = "<group>"; };
		34CDDFF724692BC30089AC15 /* Base */ = {isa = PBXFileReference; lastKnownFileType = file.storyboard; name = Base; path = Base.lproj/Main.storyboard; sourceTree = "<group>"; };
		34CDDFF924692BC60089AC15 /* Assets.xcassets */ = {isa = PBXFileReference; lastKnownFileType = folder.assetcatalog; path = Assets.xcassets; sourceTree = "<group>"; };
		34CDDFFC24692BC60089AC15 /* Base */ = {isa = PBXFileReference; lastKnownFileType = file.storyboard; name = Base; path = Base.lproj/LaunchScreen.storyboard; sourceTree = "<group>"; };
		34CDDFFE24692BC60089AC15 /* Info.plist */ = {isa = PBXFileReference; lastKnownFileType = text.plist.xml; path = Info.plist; sourceTree = "<group>"; };
		34CDE00324692BC70089AC15 /* PhotoMasterTests.xctest */ = {isa = PBXFileReference; explicitFileType = wrapper.cfbundle; includeInIndex = 0; path = PhotoMasterTests.xctest; sourceTree = BUILT_PRODUCTS_DIR; };
		34CDE00724692BC70089AC15 /* PhotoMasterTests.swift */ = {isa = PBXFileReference; lastKnownFileType = sourcecode.swift; path = PhotoMasterTests.swift; sourceTree = "<group>"; };
		34CDE00924692BC70089AC15 /* Info.plist */ = {isa = PBXFileReference; lastKnownFileType = text.plist.xml; path = Info.plist; sourceTree = "<group>"; };
		34CDE00E24692BC70089AC15 /* PhotoMasterUITests.xctest */ = {isa = PBXFileReference; explicitFileType = wrapper.cfbundle; includeInIndex = 0; path = PhotoMasterUITests.xctest; sourceTree = BUILT_PRODUCTS_DIR; };
		34CDE01224692BC70089AC15 /* PhotoMasterUITests.swift */ = {isa = PBXFileReference; lastKnownFileType = sourcecode.swift; path = PhotoMasterUITests.swift; sourceTree = "<group>"; };
		34CDE01424692BC70089AC15 /* Info.plist */ = {isa = PBXFileReference; lastKnownFileType = text.plist.xml; path = Info.plist; sourceTree = "<group>"; };
/* End PBXFileReference section */

/* Begin PBXFrameworksBuildPhase section */
		34CDDFEA24692BC30089AC15 /* Frameworks */ = {
			isa = PBXFrameworksBuildPhase;
			buildActionMask = 2147483647;
			files = (
			);
			runOnlyForDeploymentPostprocessing = 0;
		};
		34CDE00024692BC70089AC15 /* Frameworks */ = {
			isa = PBXFrameworksBuildPhase;
			buildActionMask = 2147483647;
			files = (
			);
			runOnlyForDeploymentPostprocessing = 0;
		};
		34CDE00B24692BC70089AC15 /* Frameworks */ = {
			isa = PBXFrameworksBuildPhase;
			buildActionMask = 2147483647;
			files = (
			);
			runOnlyForDeploymentPostprocessing = 0;
		};
/* End PBXFrameworksBuildPhase section */

/* Begin PBXGroup section */
		34CDDFE424692BC30089AC15 = {
			isa = PBXGroup;
			children = (
				34CDDFEF24692BC30089AC15 /* PhotoMaster */,
				34CDE00624692BC70089AC15 /* PhotoMasterTests */,
				34CDE01124692BC70089AC15 /* PhotoMasterUITests */,
				34CDDFEE24692BC30089AC15 /* Products */,
			);
			sourceTree = "<group>";
		};
		34CDDFEE24692BC30089AC15 /* Products */ = {
			isa = PBXGroup;
			children = (
				34CDDFED24692BC30089AC15 /* PhotoMaster.app */,
				34CDE00324692BC70089AC15 /* PhotoMasterTests.xctest */,
				34CDE00E24692BC70089AC15 /* PhotoMasterUITests.xctest */,
			);
			name = Products;
			sourceTree = "<group>";
		};
		34CDDFEF24692BC30089AC15 /* PhotoMaster */ = {
			isa = PBXGroup;
			children = (
				34CDDFF024692BC30089AC15 /* AppDelegate.swift */,
				34CDDFF224692BC30089AC15 /* SceneDelegate.swift */,
				34CDDFF424692BC30089AC15 /* ViewController.swift */,
				34CDDFF624692BC30089AC15 /* Main.storyboard */,
				34CDDFF924692BC60089AC15 /* Assets.xcassets */,
				34CDDFFB24692BC60089AC15 /* LaunchScreen.storyboard */,
				34CDDFFE24692BC60089AC15 /* Info.plist */,
			);
			path = PhotoMaster;
			sourceTree = "<group>";
		};
		34CDE00624692BC70089AC15 /* PhotoMasterTests */ = {
			isa = PBXGroup;
			children = (
				34CDE00724692BC70089AC15 /* PhotoMasterTests.swift */,
				34CDE00924692BC70089AC15 /* Info.plist */,
			);
			path = PhotoMasterTests;
			sourceTree = "<group>";
		};
		34CDE01124692BC70089AC15 /* PhotoMasterUITests */ = {
			isa = PBXGroup;
			children = (
				34CDE01224692BC70089AC15 /* PhotoMasterUITests.swift */,
				34CDE01424692BC70089AC15 /* Info.plist */,
			);
			path = PhotoMasterUITests;
			sourceTree = "<group>";
		};
/* End PBXGroup section */

/* Begin PBXNativeTarget section */
		34CDDFEC24692BC30089AC15 /* PhotoMaster */ = {
			isa = PBXNativeTarget;
			buildConfigurationList = 34CDE01724692BC70089AC15 /* Build configuration list for PBXNativeTarget "PhotoMaster" */;
			buildPhases = (
				34CDDFE924692BC30089AC15 /* Sources */,
				34CDDFEA24692BC30089AC15 /* Frameworks */,
				34CDDFEB24692BC30089AC15 /* Resources */,
			);
			buildRules = (
			);
			dependencies = (
			);
			name = PhotoMaster;
			productName = PhotoMaster;
			productReference = 34CDDFED24692BC30089AC15 /* PhotoMaster.app */;
			productType = "com.apple.product-type.application";
		};
		34CDE00224692BC70089AC15 /* PhotoMasterTests */ = {
			isa = PBXNativeTarget;
			buildConfigurationList = 34CDE01A24692BC70089AC15 /* Build configuration list for PBXNativeTarget "PhotoMasterTests" */;
			buildPhases = (
				34CDDFFF24692BC70089AC15 /* Sources */,
				34CDE00024692BC70089AC15 /* Frameworks */,
				34CDE00124692BC70089AC15 /* Resources */,
			);
			buildRules = (
			);
			dependencies = (
				34CDE00524692BC70089AC15 /* PBXTargetDependency */,
			);
			name = PhotoMasterTests;
			productName = PhotoMasterTests;
			productReference = 34CDE00324692BC70089AC15 /* PhotoMasterTests.xctest */;
			productType = "com.apple.product-type.bundle.unit-test";
		};
		34CDE00D24692BC70089AC15 /* PhotoMasterUITests */ = {
			isa = PBXNativeTarget;
			buildConfigurationList = 34CDE01D24692BC70089AC15 /* Build configuration list for PBXNativeTarget "PhotoMasterUITests" */;
			buildPhases = (
				34CDE00A24692BC70089AC15 /* Sources */,
				34CDE00B24692BC70089AC15 /* Frameworks */,
				34CDE00C24692BC70089AC15 /* Resources */,
			);
			buildRules = (
			);
			dependencies = (
				34CDE01024692BC70089AC15 /* PBXTargetDependency */,
			);
			name = PhotoMasterUITests;
			productName = PhotoMasterUITests;
			productReference = 34CDE00E24692BC70089AC15 /* PhotoMasterUITests.xctest */;
			productType = "com.apple.product-type.bundle.ui-testing";
		};
/* End PBXNativeTarget section */

/* Begin PBXProject section */
		34CDDFE524692BC30089AC15 /* Project object */ = {
			isa = PBXProject;
			attributes = {
				LastSwiftUpdateCheck = 1140;
				LastUpgradeCheck = 1140;
				ORGANIZATIONNAME = "fujiwara lupinus";
				TargetAttributes = {
					34CDDFEC24692BC30089AC15 = {
						CreatedOnToolsVersion = 11.4.1;
					};
					34CDE00224692BC70089AC15 = {
						CreatedOnToolsVersion = 11.4.1;
						TestTargetID = 34CDDFEC24692BC30089AC15;
					};
					34CDE00D24692BC70089AC15 = {
						CreatedOnToolsVersion = 11.4.1;
						TestTargetID = 34CDDFEC24692BC30089AC15;
					};
				};
			};
			buildConfigurationList = 34CDDFE824692BC30089AC15 /* Build configuration list for PBXProject "PhotoMaster" */;
			compatibilityVersion = "Xcode 9.3";
			developmentRegion = en;
			hasScannedForEncodings = 0;
			knownRegions = (
				en,
				Base,
			);
			mainGroup = 34CDDFE424692BC30089AC15;
			productRefGroup = 34CDDFEE24692BC30089AC15 /* Products */;
			projectDirPath = "";
			projectRoot = "";
			targets = (
				34CDDFEC24692BC30089AC15 /* PhotoMaster */,
				34CDE00224692BC70089AC15 /* PhotoMasterTests */,
				34CDE00D24692BC70089AC15 /* PhotoMasterUITests */,
			);
		};
/* End PBXProject section */

/* Begin PBXResourcesBuildPhase section */
		34CDDFEB24692BC30089AC15 /* Resources */ = {
			isa = PBXResourcesBuildPhase;
			buildActionMask = 2147483647;
			files = (
				34CDDFFD24692BC60089AC15 /* LaunchScreen.storyboard in Resources */,
				34CDDFFA24692BC60089AC15 /* Assets.xcassets in Resources */,
				34CDDFF824692BC30089AC15 /* Main.storyboard in Resources */,
			);
			runOnlyForDeploymentPostprocessing = 0;
		};
		34CDE00124692BC70089AC15 /* Resources */ = {
			isa = PBXResourcesBuildPhase;
			buildActionMask = 2147483647;
			files = (
			);
			runOnlyForDeploymentPostprocessing = 0;
		};
		34CDE00C24692BC70089AC15 /* Resources */ = {
			isa = PBXResourcesBuildPhase;
			buildActionMask = 2147483647;
			files = (
			);
			runOnlyForDeploymentPostprocessing = 0;
		};
/* End PBXResourcesBuildPhase section */

/* Begin PBXSourcesBuildPhase section */
		34CDDFE924692BC30089AC15 /* Sources */ = {
			isa = PBXSourcesBuildPhase;
			buildActionMask = 2147483647;
			files = (
				34CDDFF524692BC30089AC15 /* ViewController.swift in Sources */,
				34CDDFF124692BC30089AC15 /* AppDelegate.swift in Sources */,
				34CDDFF324692BC30089AC15 /* SceneDelegate.swift in Sources */,
			);
			runOnlyForDeploymentPostprocessing = 0;
		};
		34CDDFFF24692BC70089AC15 /* Sources */ = {
			isa = PBXSourcesBuildPhase;
			buildActionMask = 2147483647;
			files = (
				34CDE00824692BC70089AC15 /* PhotoMasterTests.swift in Sources */,
			);
			runOnlyForDeploymentPostprocessing = 0;
		};
		34CDE00A24692BC70089AC15 /* Sources */ = {
			isa = PBXSourcesBuildPhase;
			buildActionMask = 2147483647;
			files = (
				34CDE01324692BC70089AC15 /* PhotoMasterUITests.swift in Sources */,
			);
			runOnlyForDeploymentPostprocessing = 0;
		};
/* End PBXSourcesBuildPhase section */

/* Begin PBXTargetDependency section */
		34CDE00524692BC70089AC15 /* PBXTargetDependency */ = {
			isa = PBXTargetDependency;
			target = 34CDDFEC24692BC30089AC15 /* PhotoMaster */;
			targetProxy = 34CDE00424692BC70089AC15 /* PBXContainerItemProxy */;
		};
		34CDE01024692BC70089AC15 /* PBXTargetDependency */ = {
			isa = PBXTargetDependency;
			target = 34CDDFEC24692BC30089AC15 /* PhotoMaster */;
			targetProxy = 34CDE00F24692BC70089AC15 /* PBXContainerItemProxy */;
		};
/* End PBXTargetDependency section */

/* Begin PBXVariantGroup section */
		34CDDFF624692BC30089AC15 /* Main.storyboard */ = {
			isa = PBXVariantGroup;
			children = (
				34CDDFF724692BC30089AC15 /* Base */,
			);
			name = Main.storyboard;
			sourceTree = "<group>";
		};
		34CDDFFB24692BC60089AC15 /* LaunchScreen.storyboard */ = {
			isa = PBXVariantGroup;
			children = (
				34CDDFFC24692BC60089AC15 /* Base */,
			);
			name = LaunchScreen.storyboard;
			sourceTree = "<group>";
		};
/* End PBXVariantGroup section */

/* Begin XCBuildConfiguration section */
		34CDE01524692BC70089AC15 /* Debug */ = {
			isa = XCBuildConfiguration;
			buildSettings = {
				ALWAYS_SEARCH_USER_PATHS = NO;
				CLANG_ANALYZER_NONNULL = YES;
				CLANG_ANALYZER_NUMBER_OBJECT_CONVERSION = YES_AGGRESSIVE;
				CLANG_CXX_LANGUAGE_STANDARD = "gnu++14";
				CLANG_CXX_LIBRARY = "libc++";
				CLANG_ENABLE_MODULES = YES;
				CLANG_ENABLE_OBJC_ARC = YES;
				CLANG_ENABLE_OBJC_WEAK = YES;
				CLANG_WARN_BLOCK_CAPTURE_AUTORELEASING = YES;
				CLANG_WARN_BOOL_CONVERSION = YES;
				CLANG_WARN_COMMA = YES;
				CLANG_WARN_CONSTANT_CONVERSION = YES;
				CLANG_WARN_DEPRECATED_OBJC_IMPLEMENTATIONS = YES;
				CLANG_WARN_DIRECT_OBJC_ISA_USAGE = YES_ERROR;
				CLANG_WARN_DOCUMENTATION_COMMENTS = YES;
				CLANG_WARN_EMPTY_BODY = YES;
				CLANG_WARN_ENUM_CONVERSION = YES;
				CLANG_WARN_INFINITE_RECURSION = YES;
				CLANG_WARN_INT_CONVERSION = YES;
				CLANG_WARN_NON_LITERAL_NULL_CONVERSION = YES;
				CLANG_WARN_OBJC_IMPLICIT_RETAIN_SELF = YES;
				CLANG_WARN_OBJC_LITERAL_CONVERSION = YES;
				CLANG_WARN_OBJC_ROOT_CLASS = YES_ERROR;
				CLANG_WARN_RANGE_LOOP_ANALYSIS = YES;
				CLANG_WARN_STRICT_PROTOTYPES = YES;
				CLANG_WARN_SUSPICIOUS_MOVE = YES;
				CLANG_WARN_UNGUARDED_AVAILABILITY = YES_AGGRESSIVE;
				CLANG_WARN_UNREACHABLE_CODE = YES;
				CLANG_WARN__DUPLICATE_METHOD_MATCH = YES;
				COPY_PHASE_STRIP = NO;
				DEBUG_INFORMATION_FORMAT = dwarf;
				ENABLE_STRICT_OBJC_MSGSEND = YES;
				ENABLE_TESTABILITY = YES;
				GCC_C_LANGUAGE_STANDARD = gnu11;
				GCC_DYNAMIC_NO_PIC = NO;
				GCC_NO_COMMON_BLOCKS = YES;
				GCC_OPTIMIZATION_LEVEL = 0;
				GCC_PREPROCESSOR_DEFINITIONS = (
					"DEBUG=1",
					"$(inherited)",
				);
				GCC_WARN_64_TO_32_BIT_CONVERSION = YES;
				GCC_WARN_ABOUT_RETURN_TYPE = YES_ERROR;
				GCC_WARN_UNDECLARED_SELECTOR = YES;
				GCC_WARN_UNINITIALIZED_AUTOS = YES_AGGRESSIVE;
				GCC_WARN_UNUSED_FUNCTION = YES;
				GCC_WARN_UNUSED_VARIABLE = YES;
				IPHONEOS_DEPLOYMENT_TARGET = 13.4;
				MTL_ENABLE_DEBUG_INFO = INCLUDE_SOURCE;
				MTL_FAST_MATH = YES;
				ONLY_ACTIVE_ARCH = YES;
				SDKROOT = iphoneos;
				SWIFT_ACTIVE_COMPILATION_CONDITIONS = DEBUG;
				SWIFT_OPTIMIZATION_LEVEL = "-Onone";
			};
			name = Debug;
		};
		34CDE01624692BC70089AC15 /* Release */ = {
			isa = XCBuildConfiguration;
			buildSettings = {
				ALWAYS_SEARCH_USER_PATHS = NO;
				CLANG_ANALYZER_NONNULL = YES;
				CLANG_ANALYZER_NUMBER_OBJECT_CONVERSION = YES_AGGRESSIVE;
				CLANG_CXX_LANGUAGE_STANDARD = "gnu++14";
				CLANG_CXX_LIBRARY = "libc++";
				CLANG_ENABLE_MODULES = YES;
				CLANG_ENABLE_OBJC_ARC = YES;
				CLANG_ENABLE_OBJC_WEAK = YES;
				CLANG_WARN_BLOCK_CAPTURE_AUTORELEASING = YES;
				CLANG_WARN_BOOL_CONVERSION = YES;
				CLANG_WARN_COMMA = YES;
				CLANG_WARN_CONSTANT_CONVERSION = YES;
				CLANG_WARN_DEPRECATED_OBJC_IMPLEMENTATIONS = YES;
				CLANG_WARN_DIRECT_OBJC_ISA_USAGE = YES_ERROR;
				CLANG_WARN_DOCUMENTATION_COMMENTS = YES;
				CLANG_WARN_EMPTY_BODY = YES;
				CLANG_WARN_ENUM_CONVERSION = YES;
				CLANG_WARN_INFINITE_RECURSION = YES;
				CLANG_WARN_INT_CONVERSION = YES;
				CLANG_WARN_NON_LITERAL_NULL_CONVERSION = YES;
				CLANG_WARN_OBJC_IMPLICIT_RETAIN_SELF = YES;
				CLANG_WARN_OBJC_LITERAL_CONVERSION = YES;
				CLANG_WARN_OBJC_ROOT_CLASS = YES_ERROR;
				CLANG_WARN_RANGE_LOOP_ANALYSIS = YES;
				CLANG_WARN_STRICT_PROTOTYPES = YES;
				CLANG_WARN_SUSPICIOUS_MOVE = YES;
				CLANG_WARN_UNGUARDED_AVAILABILITY = YES_AGGRESSIVE;
				CLANG_WARN_UNREACHABLE_CODE = YES;
				CLANG_WARN__DUPLICATE_METHOD_MATCH = YES;
				COPY_PHASE_STRIP = NO;
				DEBUG_INFORMATION_FORMAT = "dwarf-with-dsym";
				ENABLE_NS_ASSERTIONS = NO;
				ENABLE_STRICT_OBJC_MSGSEND = YES;
				GCC_C_LANGUAGE_STANDARD = gnu11;
				GCC_NO_COMMON_BLOCKS = YES;
				GCC_WARN_64_TO_32_BIT_CONVERSION = YES;
				GCC_WARN_ABOUT_RETURN_TYPE = YES_ERROR;
				GCC_WARN_UNDECLARED_SELECTOR = YES;
				GCC_WARN_UNINITIALIZED_AUTOS = YES_AGGRESSIVE;
				GCC_WARN_UNUSED_FUNCTION = YES;
				GCC_WARN_UNUSED_VARIABLE = YES;
				IPHONEOS_DEPLOYMENT_TARGET = 13.4;
				MTL_ENABLE_DEBUG_INFO = NO;
				MTL_FAST_MATH = YES;
				SDKROOT = iphoneos;
				SWIFT_COMPILATION_MODE = wholemodule;
				SWIFT_OPTIMIZATION_LEVEL = "-O";
				VALIDATE_PRODUCT = YES;
			};
			name = Release;
		};
		34CDE01824692BC70089AC15 /* Debug */ = {
			isa = XCBuildConfiguration;
			buildSettings = {
				ASSETCATALOG_COMPILER_APPICON_NAME = AppIcon;
				CODE_SIGN_STYLE = Automatic;
				INFOPLIST_FILE = PhotoMaster/Info.plist;
				LD_RUNPATH_SEARCH_PATHS = (
					"$(inherited)",
					"@executable_path/Frameworks",
				);
				PRODUCT_BUNDLE_IDENTIFIER = app.fujiwara.lupinus.PhotoMaster;
				PRODUCT_NAME = "$(TARGET_NAME)";
				SWIFT_VERSION = 5.0;
				TARGETED_DEVICE_FAMILY = "1,2";
			};
			name = Debug;
		};
		34CDE01924692BC70089AC15 /* Release */ = {
			isa = XCBuildConfiguration;
			buildSettings = {
				ASSETCATALOG_COMPILER_APPICON_NAME = AppIcon;
				CODE_SIGN_STYLE = Automatic;
				INFOPLIST_FILE = PhotoMaster/Info.plist;
				LD_RUNPATH_SEARCH_PATHS = (
					"$(inherited)",
					"@executable_path/Frameworks",
				);
				PRODUCT_BUNDLE_IDENTIFIER = app.fujiwara.lupinus.PhotoMaster;
				PRODUCT_NAME = "$(TARGET_NAME)";
				SWIFT_VERSION = 5.0;
				TARGETED_DEVICE_FAMILY = "1,2";
			};
			name = Release;
		};
		34CDE01B24692BC70089AC15 /* Debug */ = {
			isa = XCBuildConfiguration;
			buildSettings = {
				ALWAYS_EMBED_SWIFT_STANDARD_LIBRARIES = YES;
				BUNDLE_LOADER = "$(TEST_HOST)";
				CODE_SIGN_STYLE = Automatic;
				INFOPLIST_FILE = PhotoMasterTests/Info.plist;
				IPHONEOS_DEPLOYMENT_TARGET = 13.4;
				LD_RUNPATH_SEARCH_PATHS = (
					"$(inherited)",
					"@executable_path/Frameworks",
					"@loader_path/Frameworks",
				);
				PRODUCT_BUNDLE_IDENTIFIER = app.fujiwara.lupinus.PhotoMasterTests;
				PRODUCT_NAME = "$(TARGET_NAME)";
				SWIFT_VERSION = 5.0;
				TARGETED_DEVICE_FAMILY = "1,2";
				TEST_HOST = "$(BUILT_PRODUCTS_DIR)/PhotoMaster.app/PhotoMaster";
			};
			name = Debug;
		};
		34CDE01C24692BC70089AC15 /* Release */ = {
			isa = XCBuildConfiguration;
			buildSettings = {
				ALWAYS_EMBED_SWIFT_STANDARD_LIBRARIES = YES;
				BUNDLE_LOADER = "$(TEST_HOST)";
				CODE_SIGN_STYLE = Automatic;
				INFOPLIST_FILE = PhotoMasterTests/Info.plist;
				IPHONEOS_DEPLOYMENT_TARGET = 13.4;
				LD_RUNPATH_SEARCH_PATHS = (
					"$(inherited)",
					"@executable_path/Frameworks",
					"@loader_path/Frameworks",
				);
				PRODUCT_BUNDLE_IDENTIFIER = app.fujiwara.lupinus.PhotoMasterTests;
				PRODUCT_NAME = "$(TARGET_NAME)";
				SWIFT_VERSION = 5.0;
				TARGETED_DEVICE_FAMILY = "1,2";
				TEST_HOST = "$(BUILT_PRODUCTS_DIR)/PhotoMaster.app/PhotoMaster";
			};
			name = Release;
		};
		34CDE01E24692BC70089AC15 /* Debug */ = {
			isa = XCBuildConfiguration;
			buildSettings = {
				ALWAYS_EMBED_SWIFT_STANDARD_LIBRARIES = YES;
				CODE_SIGN_STYLE = Automatic;
				INFOPLIST_FILE = PhotoMasterUITests/Info.plist;
				LD_RUNPATH_SEARCH_PATHS = (
					"$(inherited)",
					"@executable_path/Frameworks",
					"@loader_path/Frameworks",
				);
				PRODUCT_BUNDLE_IDENTIFIER = app.fujiwara.lupinus.PhotoMasterUITests;
				PRODUCT_NAME = "$(TARGET_NAME)";
				SWIFT_VERSION = 5.0;
				TARGETED_DEVICE_FAMILY = "1,2";
				TEST_TARGET_NAME = PhotoMaster;
			};
			name = Debug;
		};
		34CDE01F24692BC70089AC15 /* Release */ = {
			isa = XCBuildConfiguration;
			buildSettings = {
				ALWAYS_EMBED_SWIFT_STANDARD_LIBRARIES = YES;
				CODE_SIGN_STYLE = Automatic;
				INFOPLIST_FILE = PhotoMasterUITests/Info.plist;
				LD_RUNPATH_SEARCH_PATHS = (
					"$(inherited)",
					"@executable_path/Frameworks",
					"@loader_path/Frameworks",
				);
				PRODUCT_BUNDLE_IDENTIFIER = app.fujiwara.lupinus.PhotoMasterUITests;
				PRODUCT_NAME = "$(TARGET_NAME)";
				SWIFT_VERSION = 5.0;
				TARGETED_DEVICE_FAMILY = "1,2";
				TEST_TARGET_NAME = PhotoMaster;
			};
			name = Release;
		};
/* End XCBuildConfiguration section */

/* Begin XCConfigurationList section */
		34CDDFE824692BC30089AC15 /* Build configuration list for PBXProject "PhotoMaster" */ = {
			isa = XCConfigurationList;
			buildConfigurations = (
				34CDE01524692BC70089AC15 /* Debug */,
				34CDE01624692BC70089AC15 /* Release */,
			);
			defaultConfigurationIsVisible = 0;
			defaultConfigurationName = Release;
		};
		34CDE01724692BC70089AC15 /* Build configuration list for PBXNativeTarget "PhotoMaster" */ = {
			isa = XCConfigurationList;
			buildConfigurations = (
				34CDE01824692BC70089AC15 /* Debug */,
				34CDE01924692BC70089AC15 /* Release */,
			);
			defaultConfigurationIsVisible = 0;
			defaultConfigurationName = Release;
		};
		34CDE01A24692BC70089AC15 /* Build configuration list for PBXNativeTarget "PhotoMasterTests" */ = {
			isa = XCConfigurationList;
			buildConfigurations = (
				34CDE01B24692BC70089AC15 /* Debug */,
				34CDE01C24692BC70089AC15 /* Release */,
			);
			defaultConfigurationIsVisible = 0;
			defaultConfigurationName = Release;
		};
		34CDE01D24692BC70089AC15 /* Build configuration list for PBXNativeTarget "PhotoMasterUITests" */ = {
			isa = XCConfigurationList;
			buildConfigurations = (
				34CDE01E24692BC70089AC15 /* Debug */,
				34CDE01F24692BC70089AC15 /* Release */,
			);
			defaultConfigurationIsVisible = 0;
			defaultConfigurationName = Release;
		};
/* End XCConfigurationList section */
	};
	rootObject = 34CDDFE524692BC30089AC15 /* Project object */;
}
